// !$*UTF8*$!
{
	archiveVersion = 1;
	classes = {
	};
	objectVersion = 46;
	objects = {

/* Begin PBXBuildFile section */
		D365E2711DF0B17B000392FD /* AppDelegate.swift in Sources */ = {isa = PBXBuildFile; fileRef = D365E2701DF0B17B000392FD /* AppDelegate.swift */; };
		D365E2731DF0B17B000392FD /* ViewController.swift in Sources */ = {isa = PBXBuildFile; fileRef = D365E2721DF0B17B000392FD /* ViewController.swift */; };
		D365E2761DF0B17B000392FD /* Main.storyboard in Resources */ = {isa = PBXBuildFile; fileRef = D365E2741DF0B17B000392FD /* Main.storyboard */; };
		D365E2781DF0B17B000392FD /* Assets.xcassets in Resources */ = {isa = PBXBuildFile; fileRef = D365E2771DF0B17B000392FD /* Assets.xcassets */; };
		D365E27B1DF0B17B000392FD /* LaunchScreen.storyboard in Resources */ = {isa = PBXBuildFile; fileRef = D365E2791DF0B17B000392FD /* LaunchScreen.storyboard */; };
		D39C08271DF0BFAD00157539 /* AbstractViewController.swift in Sources */ = {isa = PBXBuildFile; fileRef = D39C08261DF0BFAD00157539 /* AbstractViewController.swift */; };
		D39C08291DF0BFC100157539 /* ImageTableViewController.swift in Sources */ = {isa = PBXBuildFile; fileRef = D39C08281DF0BFC100157539 /* ImageTableViewController.swift */; };
		D39C082B1DF0BFD500157539 /* SearchResultTableViewController.swift in Sources */ = {isa = PBXBuildFile; fileRef = D39C082A1DF0BFD500157539 /* SearchResultTableViewController.swift */; };
		E8BFBA75C76F46408A411D61 /* Pods_QuintB.framework in Frameworks */ = {isa = PBXBuildFile; fileRef = DA0B37D40031164AB9C87136 /* Pods_QuintB.framework */; };
/* End PBXBuildFile section */

/* Begin PBXFileReference section */
		19B68CC2FE8C40408AA74FC1 /* Pods-QuintB.debug.xcconfig */ = {isa = PBXFileReference; includeInIndex = 1; lastKnownFileType = text.xcconfig; name = "Pods-QuintB.debug.xcconfig"; path = "Pods/Target Support Files/Pods-QuintB/Pods-QuintB.debug.xcconfig"; sourceTree = "<group>"; };
		C58ACC290D7EB34DADD38552 /* Pods-QuintB.release.xcconfig */ = {isa = PBXFileReference; includeInIndex = 1; lastKnownFileType = text.xcconfig; name = "Pods-QuintB.release.xcconfig"; path = "Pods/Target Support Files/Pods-QuintB/Pods-QuintB.release.xcconfig"; sourceTree = "<group>"; };
		D365E26D1DF0B17B000392FD /* QuintB.app */ = {isa = PBXFileReference; explicitFileType = wrapper.application; includeInIndex = 0; path = QuintB.app; sourceTree = BUILT_PRODUCTS_DIR; };
		D365E2701DF0B17B000392FD /* AppDelegate.swift */ = {isa = PBXFileReference; lastKnownFileType = sourcecode.swift; path = AppDelegate.swift; sourceTree = "<group>"; };
		D365E2721DF0B17B000392FD /* ViewController.swift */ = {isa = PBXFileReference; lastKnownFileType = sourcecode.swift; path = ViewController.swift; sourceTree = "<group>"; };
		D365E2751DF0B17B000392FD /* Base */ = {isa = PBXFileReference; lastKnownFileType = file.storyboard; name = Base; path = Base.lproj/Main.storyboard; sourceTree = "<group>"; };
		D365E2771DF0B17B000392FD /* Assets.xcassets */ = {isa = PBXFileReference; lastKnownFileType = folder.assetcatalog; name = Assets.xcassets; path = QuintB/Assets.xcassets; sourceTree = "<group>"; };
		D365E27A1DF0B17B000392FD /* Base */ = {isa = PBXFileReference; lastKnownFileType = file.storyboard; name = Base; path = Base.lproj/LaunchScreen.storyboard; sourceTree = "<group>"; };
		D365E27C1DF0B17B000392FD /* Info.plist */ = {isa = PBXFileReference; lastKnownFileType = text.plist.xml; path = Info.plist; sourceTree = "<group>"; };
		D39C08261DF0BFAD00157539 /* AbstractViewController.swift */ = {isa = PBXFileReference; fileEncoding = 4; lastKnownFileType = sourcecode.swift; path = AbstractViewController.swift; sourceTree = "<group>"; };
		D39C08281DF0BFC100157539 /* ImageTableViewController.swift */ = {isa = PBXFileReference; fileEncoding = 4; lastKnownFileType = sourcecode.swift; path = ImageTableViewController.swift; sourceTree = "<group>"; };
		D39C082A1DF0BFD500157539 /* SearchResultTableViewController.swift */ = {isa = PBXFileReference; fileEncoding = 4; lastKnownFileType = sourcecode.swift; path = SearchResultTableViewController.swift; sourceTree = "<group>"; };
		DA0B37D40031164AB9C87136 /* Pods_QuintB.framework */ = {isa = PBXFileReference; explicitFileType = wrapper.framework; includeInIndex = 0; path = Pods_QuintB.framework; sourceTree = BUILT_PRODUCTS_DIR; };
/* End PBXFileReference section */

/* Begin PBXFrameworksBuildPhase section */
		D365E26A1DF0B17B000392FD /* Frameworks */ = {
			isa = PBXFrameworksBuildPhase;
			buildActionMask = 2147483647;
			files = (
				E8BFBA75C76F46408A411D61 /* Pods_QuintB.framework in Frameworks */,
			);
			runOnlyForDeploymentPostprocessing = 0;
		};
/* End PBXFrameworksBuildPhase section */

/* Begin PBXGroup section */
		9FDD3B93EC70562DEE79C688 /* Frameworks */ = {
			isa = PBXGroup;
			children = (
				DA0B37D40031164AB9C87136 /* Pods_QuintB.framework */,
			);
			name = Frameworks;
			sourceTree = "<group>";
		};
		D14EFFD6F67B52F7D2AAFEDF /* Pods */ = {
			isa = PBXGroup;
			children = (
				19B68CC2FE8C40408AA74FC1 /* Pods-QuintB.debug.xcconfig */,
				C58ACC290D7EB34DADD38552 /* Pods-QuintB.release.xcconfig */,
			);
			name = Pods;
			sourceTree = "<group>";
		};
		D365E2641DF0B17B000392FD = {
			isa = PBXGroup;
			children = (
				D365E26F1DF0B17B000392FD /* QuintB */,
				D365E26E1DF0B17B000392FD /* Products */,
				D14EFFD6F67B52F7D2AAFEDF /* Pods */,
				9FDD3B93EC70562DEE79C688 /* Frameworks */,
			);
			sourceTree = "<group>";
		};
		D365E26E1DF0B17B000392FD /* Products */ = {
			isa = PBXGroup;
			children = (
				D365E26D1DF0B17B000392FD /* QuintB.app */,
			);
			name = Products;
			sourceTree = "<group>";
		};
		D365E26F1DF0B17B000392FD /* QuintB */ = {
			isa = PBXGroup;
			children = (
				D365E2701DF0B17B000392FD /* AppDelegate.swift */,
				D365E27C1DF0B17B000392FD /* Info.plist */,
				D39C08251DF0B5B700157539 /* Services */,
				D39C08241DF0B5AE00157539 /* Controller */,
				D39C08221DF0B55A00157539 /* Model */,
				D39C08231DF0B57300157539 /* View */,
			);
			path = QuintB;
			sourceTree = "<group>";
		};
		D39C08221DF0B55A00157539 /* Model */ = {
			isa = PBXGroup;
			children = (
			);
			name = Model;
			path = ..;
			sourceTree = "<group>";
		};
		D39C08231DF0B57300157539 /* View */ = {
			isa = PBXGroup;
			children = (
				D365E2741DF0B17B000392FD /* Main.storyboard */,
				D365E2771DF0B17B000392FD /* Assets.xcassets */,
				D365E2791DF0B17B000392FD /* LaunchScreen.storyboard */,
			);
			name = View;
			path = ..;
			sourceTree = "<group>";
		};
		D39C08241DF0B5AE00157539 /* Controller */ = {
			isa = PBXGroup;
			children = (
				D365E2721DF0B17B000392FD /* ViewController.swift */,
				D39C08261DF0BFAD00157539 /* AbstractViewController.swift */,
				D39C08281DF0BFC100157539 /* ImageTableViewController.swift */,
				D39C082A1DF0BFD500157539 /* SearchResultTableViewController.swift */,
			);
			name = Controller;
			sourceTree = "<group>";
		};
		D39C08251DF0B5B700157539 /* Services */ = {
			isa = PBXGroup;
			children = (
			);
			name = Services;
			sourceTree = "<group>";
		};
/* End PBXGroup section */

/* Begin PBXNativeTarget section */
		D365E26C1DF0B17B000392FD /* QuintB */ = {
			isa = PBXNativeTarget;
			buildConfigurationList = D365E27F1DF0B17B000392FD /* Build configuration list for PBXNativeTarget "QuintB" */;
			buildPhases = (
				8DFD28228363E158A014BA9F /* [CP] Check Pods Manifest.lock */,
				D365E2691DF0B17B000392FD /* Sources */,
				D365E26A1DF0B17B000392FD /* Frameworks */,
				D365E26B1DF0B17B000392FD /* Resources */,
				E79C8AB18383E7623E5A7AB9 /* [CP] Embed Pods Frameworks */,
				54AB77137B1390DAE98F92E2 /* [CP] Copy Pods Resources */,
			);
			buildRules = (
			);
			dependencies = (
			);
			name = QuintB;
			productName = QuintB;
			productReference = D365E26D1DF0B17B000392FD /* QuintB.app */;
			productType = "com.apple.product-type.application";
		};
/* End PBXNativeTarget section */

/* Begin PBXProject section */
		D365E2651DF0B17B000392FD /* Project object */ = {
			isa = PBXProject;
			attributes = {
				LastSwiftUpdateCheck = 0800;
				LastUpgradeCheck = 0800;
				ORGANIZATIONNAME = "Marty Hernandez Avedon";
				TargetAttributes = {
					D365E26C1DF0B17B000392FD = {
						CreatedOnToolsVersion = 8.0;
						ProvisioningStyle = Automatic;
					};
				};
			};
			buildConfigurationList = D365E2681DF0B17B000392FD /* Build configuration list for PBXProject "QuintB" */;
			compatibilityVersion = "Xcode 3.2";
			developmentRegion = English;
			hasScannedForEncodings = 0;
			knownRegions = (
				en,
				Base,
			);
			mainGroup = D365E2641DF0B17B000392FD;
			productRefGroup = D365E26E1DF0B17B000392FD /* Products */;
			projectDirPath = "";
			projectRoot = "";
			targets = (
				D365E26C1DF0B17B000392FD /* QuintB */,
			);
		};
/* End PBXProject section */

/* Begin PBXResourcesBuildPhase section */
		D365E26B1DF0B17B000392FD /* Resources */ = {
			isa = PBXResourcesBuildPhase;
			buildActionMask = 2147483647;
			files = (
				D365E27B1DF0B17B000392FD /* LaunchScreen.storyboard in Resources */,
				D365E2781DF0B17B000392FD /* Assets.xcassets in Resources */,
				D365E2761DF0B17B000392FD /* Main.storyboard in Resources */,
			);
			runOnlyForDeploymentPostprocessing = 0;
		};
/* End PBXResourcesBuildPhase section */

/* Begin PBXShellScriptBuildPhase section */
		54AB77137B1390DAE98F92E2 /* [CP] Copy Pods Resources */ = {
			isa = PBXShellScriptBuildPhase;
			buildActionMask = 2147483647;
			files = (
			);
			inputPaths = (
			);
			name = "[CP] Copy Pods Resources";
			outputPaths = (
			);
			runOnlyForDeploymentPostprocessing = 0;
			shellPath = /bin/sh;
			shellScript = "\"${SRCROOT}/Pods/Target Support Files/Pods-QuintB/Pods-QuintB-resources.sh\"\n";
			showEnvVarsInLog = 0;
		};
		8DFD28228363E158A014BA9F /* [CP] Check Pods Manifest.lock */ = {
			isa = PBXShellScriptBuildPhase;
			buildActionMask = 2147483647;
			files = (
			);
			inputPaths = (
			);
			name = "[CP] Check Pods Manifest.lock";
			outputPaths = (
			);
			runOnlyForDeploymentPostprocessing = 0;
			shellPath = /bin/sh;
			shellScript = "diff \"${PODS_ROOT}/../Podfile.lock\" \"${PODS_ROOT}/Manifest.lock\" > /dev/null\nif [ $? != 0 ] ; then\n    # print error to STDERR\n    echo \"error: The sandbox is not in sync with the Podfile.lock. Run 'pod install' or update your CocoaPods installation.\" >&2\n    exit 1\nfi\n";
			showEnvVarsInLog = 0;
		};
		E79C8AB18383E7623E5A7AB9 /* [CP] Embed Pods Frameworks */ = {
			isa = PBXShellScriptBuildPhase;
			buildActionMask = 2147483647;
			files = (
			);
			inputPaths = (
			);
			name = "[CP] Embed Pods Frameworks";
			outputPaths = (
			);
			runOnlyForDeploymentPostprocessing = 0;
			shellPath = /bin/sh;
			shellScript = "\"${SRCROOT}/Pods/Target Support Files/Pods-QuintB/Pods-QuintB-frameworks.sh\"\n";
			showEnvVarsInLog = 0;
		};
/* End PBXShellScriptBuildPhase section */

/* Begin PBXSourcesBuildPhase section */
		D365E2691DF0B17B000392FD /* Sources */ = {
			isa = PBXSourcesBuildPhase;
			buildActionMask = 2147483647;
			files = (
				D365E2731DF0B17B000392FD /* ViewController.swift in Sources */,
				D39C08271DF0BFAD00157539 /* AbstractViewController.swift in Sources */,
				D365E2711DF0B17B000392FD /* AppDelegate.swift in Sources */,
				D39C08291DF0BFC100157539 /* ImageTableViewController.swift in Sources */,
				D39C082B1DF0BFD500157539 /* SearchResultTableViewController.swift in Sources */,
			);
			runOnlyForDeploymentPostprocessing = 0;
		};
/* End PBXSourcesBuildPhase section */

/* Begin PBXVariantGroup section */
		D365E2741DF0B17B000392FD /* Main.storyboard */ = {
			isa = PBXVariantGroup;
			children = (
				D365E2751DF0B17B000392FD /* Base */,
			);
			name = Main.storyboard;
			path = QuintB;
			sourceTree = "<group>";
		};
		D365E2791DF0B17B000392FD /* LaunchScreen.storyboard */ = {
			isa = PBXVariantGroup;
			children = (
				D365E27A1DF0B17B000392FD /* Base */,
			);
			name = LaunchScreen.storyboard;
			path = QuintB;
			sourceTree = "<group>";
		};
/* End PBXVariantGroup section */

/* Begin XCBuildConfiguration section */
		D365E27D1DF0B17B000392FD /* Debug */ = {
			isa = XCBuildConfiguration;
			buildSettings = {
				ALWAYS_SEARCH_USER_PATHS = NO;
				CLANG_ANALYZER_NONNULL = YES;
				CLANG_CXX_LANGUAGE_STANDARD = "gnu++0x";
				CLANG_CXX_LIBRARY = "libc++";
				CLANG_ENABLE_MODULES = YES;
				CLANG_ENABLE_OBJC_ARC = YES;
				CLANG_WARN_BOOL_CONVERSION = YES;
				CLANG_WARN_CONSTANT_CONVERSION = YES;
				CLANG_WARN_DIRECT_OBJC_ISA_USAGE = YES_ERROR;
				CLANG_WARN_DOCUMENTATION_COMMENTS = YES;
				CLANG_WARN_EMPTY_BODY = YES;
				CLANG_WARN_ENUM_CONVERSION = YES;
				CLANG_WARN_INFINITE_RECURSION = YES;
				CLANG_WARN_INT_CONVERSION = YES;
				CLANG_WARN_OBJC_ROOT_CLASS = YES_ERROR;
				CLANG_WARN_SUSPICIOUS_MOVES = YES;
				CLANG_WARN_UNREACHABLE_CODE = YES;
				CLANG_WARN__DUPLICATE_METHOD_MATCH = YES;
				"CODE_SIGN_IDENTITY[sdk=iphoneos*]" = "iPhone Developer";
				COPY_PHASE_STRIP = NO;
				DEBUG_INFORMATION_FORMAT = dwarf;
				ENABLE_STRICT_OBJC_MSGSEND = YES;
				ENABLE_TESTABILITY = YES;
				GCC_C_LANGUAGE_STANDARD = gnu99;
				GCC_DYNAMIC_NO_PIC = NO;
				GCC_NO_COMMON_BLOCKS = YES;
				GCC_OPTIMIZATION_LEVEL = 0;
				GCC_PREPROCESSOR_DEFINITIONS = (
					"DEBUG=1",
					"$(inherited)",
				);
				GCC_WARN_64_TO_32_BIT_CONVERSION = YES;
				GCC_WARN_ABOUT_RETURN_TYPE = YES_ERROR;
				GCC_WARN_UNDECLARED_SELECTOR = YES;
				GCC_WARN_UNINITIALIZED_AUTOS = YES_AGGRESSIVE;
				GCC_WARN_UNUSED_FUNCTION = YES;
				GCC_WARN_UNUSED_VARIABLE = YES;
				IPHONEOS_DEPLOYMENT_TARGET = 10.0;
				MTL_ENABLE_DEBUG_INFO = YES;
				ONLY_ACTIVE_ARCH = YES;
				SDKROOT = iphoneos;
				SWIFT_ACTIVE_COMPILATION_CONDITIONS = DEBUG;
				SWIFT_OPTIMIZATION_LEVEL = "-Onone";
				TARGETED_DEVICE_FAMILY = "1,2";
			};
			name = Debug;
		};
		D365E27E1DF0B17B000392FD /* Release */ = {
			isa = XCBuildConfiguration;
			buildSettings = {
				ALWAYS_SEARCH_USER_PATHS = NO;
				CLANG_ANALYZER_NONNULL = YES;
				CLANG_CXX_LANGUAGE_STANDARD = "gnu++0x";
				CLANG_CXX_LIBRARY = "libc++";
				CLANG_ENABLE_MODULES = YES;
				CLANG_ENABLE_OBJC_ARC = YES;
				CLANG_WARN_BOOL_CONVERSION = YES;
				CLANG_WARN_CONSTANT_CONVERSION = YES;
				CLANG_WARN_DIRECT_OBJC_ISA_USAGE = YES_ERROR;
				CLANG_WARN_DOCUMENTATION_COMMENTS = YES;
				CLANG_WARN_EMPTY_BODY = YES;
				CLANG_WARN_ENUM_CONVERSION = YES;
				CLANG_WARN_INFINITE_RECURSION = YES;
				CLANG_WARN_INT_CONVERSION = YES;
				CLANG_WARN_OBJC_ROOT_CLASS = YES_ERROR;
				CLANG_WARN_SUSPICIOUS_MOVES = YES;
				CLANG_WARN_UNREACHABLE_CODE = YES;
				CLANG_WARN__DUPLICATE_METHOD_MATCH = YES;
				"CODE_SIGN_IDENTITY[sdk=iphoneos*]" = "iPhone Developer";
				COPY_PHASE_STRIP = NO;
				DEBUG_INFORMATION_FORMAT = "dwarf-with-dsym";
				ENABLE_NS_ASSERTIONS = NO;
				ENABLE_STRICT_OBJC_MSGSEND = YES;
				GCC_C_LANGUAGE_STANDARD = gnu99;
				GCC_NO_COMMON_BLOCKS = YES;
				GCC_WARN_64_TO_32_BIT_CONVERSION = YES;
				GCC_WARN_ABOUT_RETURN_TYPE = YES_ERROR;
				GCC_WARN_UNDECLARED_SELECTOR = YES;
				GCC_WARN_UNINITIALIZED_AUTOS = YES_AGGRESSIVE;
				GCC_WARN_UNUSED_FUNCTION = YES;
				GCC_WARN_UNUSED_VARIABLE = YES;
				IPHONEOS_DEPLOYMENT_TARGET = 10.0;
				MTL_ENABLE_DEBUG_INFO = NO;
				SDKROOT = iphoneos;
				SWIFT_OPTIMIZATION_LEVEL = "-Owholemodule";
				TARGETED_DEVICE_FAMILY = "1,2";
				VALIDATE_PRODUCT = YES;
			};
			name = Release;
		};
		D365E2801DF0B17B000392FD /* Debug */ = {
			isa = XCBuildConfiguration;
			baseConfigurationReference = 19B68CC2FE8C40408AA74FC1 /* Pods-QuintB.debug.xcconfig */;
			buildSettings = {
				ASSETCATALOG_COMPILER_APPICON_NAME = AppIcon;
				INFOPLIST_FILE = QuintB/Info.plist;
				LD_RUNPATH_SEARCH_PATHS = "$(inherited) @executable_path/Frameworks";
				PRODUCT_BUNDLE_IDENTIFIER = nyc.c4q.martyav.QuintB;
				PRODUCT_NAME = "$(TARGET_NAME)";
				SWIFT_VERSION = 3.0;
			};
			name = Debug;
		};
		D365E2811DF0B17B000392FD /* Release */ = {
			isa = XCBuildConfiguration;
			baseConfigurationReference = C58ACC290D7EB34DADD38552 /* Pods-QuintB.release.xcconfig */;
			buildSettings = {
				ASSETCATALOG_COMPILER_APPICON_NAME = AppIcon;
				INFOPLIST_FILE = QuintB/Info.plist;
				LD_RUNPATH_SEARCH_PATHS = "$(inherited) @executable_path/Frameworks";
				PRODUCT_BUNDLE_IDENTIFIER = nyc.c4q.martyav.QuintB;
				PRODUCT_NAME = "$(TARGET_NAME)";
				SWIFT_VERSION = 3.0;
			};
			name = Release;
		};
/* End XCBuildConfiguration section */

/* Begin XCConfigurationList section */
		D365E2681DF0B17B000392FD /* Build configuration list for PBXProject "QuintB" */ = {
			isa = XCConfigurationList;
			buildConfigurations = (
				D365E27D1DF0B17B000392FD /* Debug */,
				D365E27E1DF0B17B000392FD /* Release */,
			);
			defaultConfigurationIsVisible = 0;
			defaultConfigurationName = Release;
		};
		D365E27F1DF0B17B000392FD /* Build configuration list for PBXNativeTarget "QuintB" */ = {
			isa = XCConfigurationList;
			buildConfigurations = (
				D365E2801DF0B17B000392FD /* Debug */,
				D365E2811DF0B17B000392FD /* Release */,
			);
			defaultConfigurationIsVisible = 0;
			defaultConfigurationName = Release;
		};
/* End XCConfigurationList section */
	};
	rootObject = D365E2651DF0B17B000392FD /* Project object */;
}
